PODS:
  - mylib (0.1.0)
  - Nimble (10.0.0)
  - Quick (2.2.1)

DEPENDENCIES:
  - mylib (from `../`)
  - Nimble (~> 10.0.0)
  - Quick (~> 2.2.0)

SPEC REPOS:
  trunk:
    - Nimble
    - Quick

EXTERNAL SOURCES:
  mylib:
    :path: "../"

SPEC CHECKSUMS:
  mylib: 655cb6d7404b2026a2d4273f53503131a5cb47c7
  Nimble: 5316ef81a170ce87baf72dd961f22f89a602ff84
  Quick: f5754d69b7013f5864c29aab9ae6f0c79c5bc200

PODFILE CHECKSUM: aa62b37b9a73d3265c7c7d71d8f6ef68ccd786c0

COCOAPODS: 1.11.3
